
Microsoft Visual Studio Solution File, Format Version 12.00
# Visual Studio 2013
VisualStudioVersion = 12.0.30501.0
MinimumVisualStudioVersion = 10.0.40219.1
Project("{8BC9CEB8-8B4A-11D0-8D11-00A0C91BC942}") = "video_stabilization", "video_stabilization\video_stabilization.vcxproj", "{4819A3B3-FC30-4B13-822F-EC4D6CC12954}"
EndProject
Global
	GlobalSection(SolutionConfigurationPlatforms) = preSolution
		Debug|x64 = Debug|x64
		Debug|x86 = Debug|x86
		Release|x64 = Release|x64
		Release|x86 = Release|x86
	EndGlobalSection
	GlobalSection(ProjectConfigurationPlatforms) = postSolution
		{4819A3B3-FC30-4B13-822F-EC4D6CC12954}.Debug|x64.ActiveCfg = Debug|x64
		{4819A3B3-FC30-4B13-822F-EC4D6CC12954}.Debug|x64.Build.0 = Debug|x64
		{4819A3B3-FC30-4B13-822F-EC4D6CC12954}.Debug|x86.ActiveCfg = Debug|Win32
		{4819A3B3-FC30-4B13-822F-EC4D6CC12954}.Debug|x86.Build.0 = Debug|Win32
		{4819A3B3-FC30-4B13-822F-EC4D6CC12954}.Release|x64.ActiveCfg = Release|x64
		{4819A3B3-FC30-4B13-822F-EC4D6CC12954}.Release|x64.Build.0 = Release|x64
		{4819A3B3-FC30-4B13-822F-EC4D6CC12954}.Release|x86.ActiveCfg = Release|Win32
		{4819A3B3-FC30-4B13-822F-EC4D6CC12954}.Release|x86.Build.0 = Release|Win32
	EndGlobalSection
	GlobalSection(SolutionProperties) = preSolution
		HideSolutionNode = FALSE
	EndGlobalSection
	GlobalSection(ExtensibilityGlobals) = postSolution
		SolutionGuid = {ADD4342D-2149-432B-9AD7-3B02C8E6D4A2}
	EndGlobalSection
EndGlobal
